# This file is automatically @generated by Cargo.
# It is not intended for manual editing.
[[package]]
name = "aead"
version = "0.3.2"
source = "registry+https://github.com/rust-lang/crates.io-index"
checksum = "7fc95d1bdb8e6666b2b217308eeeb09f2d6728d104be3e31916cc74d15420331"
dependencies = [
 "generic-array",
]

[[package]]
name = "age-core"
version = "0.5.0"
source = "git+https://github.com/str4d/rage.git?rev=d8fd951e059d9f7116b2b9dd0d176798a11b49f3#d8fd951e059d9f7116b2b9dd0d176798a11b49f3"
dependencies = [
 "base64 0.12.3",
 "c2-chacha",
 "chacha20poly1305",
 "cookie-factory",
 "hkdf",
 "nom",
 "rand",
 "secrecy",
 "sha2",
]

[[package]]
name = "age-plugin"
version = "0.0.0"
source = "git+https://github.com/str4d/rage.git?rev=d8fd951e059d9f7116b2b9dd0d176798a11b49f3#d8fd951e059d9f7116b2b9dd0d176798a11b49f3"
dependencies = [
 "age-core",
 "bech32",
 "chrono",
 "secrecy",
]

[[package]]
name = "age-plugin-yubikey"
version = "0.0.0"
dependencies = [
 "age-core",
 "age-plugin",
 "base64 0.13.0",
 "bech32",
 "chrono",
 "console",
 "dialoguer",
 "elliptic-curve",
 "gumdrop",
 "hex",
 "p256",
 "rand",
 "ring",
 "secrecy",
 "sha2",
 "yubikey-piv",
]

[[package]]
name = "arrayvec"
version = "0.5.2"
source = "registry+https://github.com/rust-lang/crates.io-index"
checksum = "23b62fc65de8e4e7f52534fb52b0f3ed04746ae267519eef2a83941e8085068b"

[[package]]
name = "autocfg"
version = "0.1.7"
source = "registry+https://github.com/rust-lang/crates.io-index"
checksum = "1d49d90015b3c36167a20fe2810c5cd875ad504b39cff3d4eae7977e6b7c1cb2"

[[package]]
name = "autocfg"
version = "1.0.1"
source = "registry+https://github.com/rust-lang/crates.io-index"
checksum = "cdb031dd78e28731d87d56cc8ffef4a8f36ca26c38fe2de700543e627f8a464a"

[[package]]
name = "base64"
version = "0.12.3"
source = "registry+https://github.com/rust-lang/crates.io-index"
checksum = "3441f0f7b02788e948e47f457ca01f1d7e6d92c693bc132c22b087d3141c03ff"

[[package]]
name = "base64"
version = "0.13.0"
source = "registry+https://github.com/rust-lang/crates.io-index"
checksum = "904dfeac50f3cdaba28fc6f57fdcddb75f49ed61346676a78c4ffe55877802fd"

[[package]]
name = "bech32"
version = "0.7.2"
source = "registry+https://github.com/rust-lang/crates.io-index"
checksum = "cdcf67bb7ba7797a081cd19009948ab533af7c355d5caf1d08c777582d351e9c"

[[package]]
name = "bitflags"
version = "1.2.1"
source = "registry+https://github.com/rust-lang/crates.io-index"
checksum = "cf1de2fe8c75bc145a2f577add951f8134889b4795d47466a54a5c846d691693"

[[package]]
name = "bitvec"
version = "0.18.4"
source = "registry+https://github.com/rust-lang/crates.io-index"
checksum = "1d2838fdd79e8776dbe07a106c784b0f8dda571a21b2750a092cc4cbaa653c8e"
dependencies = [
 "funty",
 "radium",
 "wyz",
]

[[package]]
name = "block-buffer"
version = "0.9.0"
source = "registry+https://github.com/rust-lang/crates.io-index"
checksum = "4152116fd6e9dadb291ae18fc1ec3575ed6d84c29642d97890f4b4a3417297e4"
dependencies = [
 "generic-array",
]

[[package]]
name = "bumpalo"
version = "3.4.0"
source = "registry+https://github.com/rust-lang/crates.io-index"
checksum = "2e8c087f005730276d1096a652e92a8bacee2e2472bcc9715a74d2bec38b5820"

[[package]]
name = "byteorder"
version = "1.3.4"
source = "registry+https://github.com/rust-lang/crates.io-index"
checksum = "08c48aae112d48ed9f069b33538ea9e3e90aa263cfa3d1c24309612b1f7472de"

[[package]]
name = "c2-chacha"
version = "0.3.0"
source = "registry+https://github.com/rust-lang/crates.io-index"
checksum = "fb6b83fa00a7c53f420893670940c8fdfaa89f9dd9adb52062cca39482a31ab6"
dependencies = [
 "cipher",
 "ppv-lite86",
]

[[package]]
name = "cc"
version = "1.0.66"
source = "registry+https://github.com/rust-lang/crates.io-index"
checksum = "4c0496836a84f8d0495758516b8621a622beb77c0fed418570e50764093ced48"

[[package]]
name = "cfg-if"
version = "0.1.10"
source = "registry+https://github.com/rust-lang/crates.io-index"
checksum = "4785bdd1c96b2a846b2bd7cc02e86b6b3dbf14e7e53446c4f54c92a361040822"

[[package]]
name = "cfg-if"
version = "1.0.0"
source = "registry+https://github.com/rust-lang/crates.io-index"
checksum = "baf1de4339761588bc0619e3cbc0120ee582ebb74b53b4efbf79117bd2da40fd"

[[package]]
name = "chacha20poly1305"
version = "0.7.1"
source = "registry+https://github.com/rust-lang/crates.io-index"
checksum = "af1fc18e6d90c40164bf6c317476f2a98f04661e310e79830366b7e914c58a8e"
dependencies = [
 "aead",
 "cipher",
 "poly1305",
 "zeroize 1.2.0",
]

[[package]]
name = "chrono"
version = "0.4.19"
source = "registry+https://github.com/rust-lang/crates.io-index"
checksum = "670ad68c9088c2a963aaa298cb369688cf3f9465ce5e2d4ca10e6e0098a1ce73"
dependencies = [
 "libc",
 "num-integer",
 "num-traits",
 "time",
 "winapi",
]

[[package]]
name = "cipher"
version = "0.2.5"
source = "registry+https://github.com/rust-lang/crates.io-index"
checksum = "12f8e7987cbd042a63249497f41aed09f8e65add917ea6566effbc56578d6801"
dependencies = [
 "generic-array",
]

[[package]]
name = "console"
version = "0.13.0"
source = "registry+https://github.com/rust-lang/crates.io-index"
checksum = "a50aab2529019abfabfa93f1e6c41ef392f91fbf179b347a7e96abb524884a08"
dependencies = [
 "encode_unicode",
 "lazy_static",
 "libc",
 "regex",
 "terminal_size",
 "unicode-width",
 "winapi",
 "winapi-util",
]

[[package]]
name = "const-oid"
version = "0.1.0"
source = "registry+https://github.com/rust-lang/crates.io-index"
checksum = "a2d9162b7289a46e86208d6af2c686ca5bfde445878c41a458a9fac706252d0b"

[[package]]
name = "cookie-factory"
version = "0.3.1"
source = "registry+https://github.com/rust-lang/crates.io-index"
checksum = "41f21b581d2f0cb891554812435667bb9610d74feb1a4c6415bf09c28ff0381d"

[[package]]
name = "cpuid-bool"
version = "0.1.2"
source = "registry+https://github.com/rust-lang/crates.io-index"
checksum = "8aebca1129a03dc6dc2b127edd729435bbc4a37e1d5f4d7513165089ceb02634"

[[package]]
name = "cpuid-bool"
version = "0.2.0"
source = "registry+https://github.com/rust-lang/crates.io-index"
checksum = "dcb25d077389e53838a8158c8e99174c5a9d902dee4904320db714f3c653ffba"

[[package]]
name = "crypto-mac"
version = "0.10.0"
source = "registry+https://github.com/rust-lang/crates.io-index"
checksum = "4857fd85a0c34b3c3297875b747c1e02e06b6a0ea32dd892d8192b9ce0813ea6"
dependencies = [
 "generic-array",
 "subtle",
]

[[package]]
name = "data-encoding"
version = "2.3.1"
source = "registry+https://github.com/rust-lang/crates.io-index"
checksum = "993a608597367c6377b258c25d7120740f00ed23a2252b729b1932dd7866f908"

[[package]]
name = "der-oid-macro"
version = "0.2.0"
source = "registry+https://github.com/rust-lang/crates.io-index"
checksum = "e66558629d772c3be040566b7be07be8c8f5aecee95e4a092dfe2efc313277ad"
dependencies = [
 "nom",
 "num-bigint 0.3.1",
 "num-traits",
 "proc-macro-hack",
]

[[package]]
name = "der-parser"
version = "4.1.0"
source = "registry+https://github.com/rust-lang/crates.io-index"
checksum = "caca07c50eaae94d43e21f4d14eca5543b6f5f5ce64715e9b7665ac5f5185b4e"
dependencies = [
 "der-oid-macro",
 "nom",
 "num-bigint 0.3.1",
 "num-traits",
 "proc-macro-hack",
 "rusticata-macros",
]

[[package]]
name = "des"
version = "0.6.0"
source = "registry+https://github.com/rust-lang/crates.io-index"
checksum = "b24e7c748888aa2fa8bce21d8c64a52efc810663285315ac7476f7197a982fae"
dependencies = [
 "byteorder",
 "cipher",
 "opaque-debug",
]

[[package]]
name = "dialoguer"
version = "0.7.1"
source = "registry+https://github.com/rust-lang/crates.io-index"
checksum = "70f807b2943dc90f9747497d9d65d7e92472149be0b88bf4ce1201b4ac979c26"
dependencies = [
 "console",
 "lazy_static",
 "tempfile",
 "zeroize 0.9.3",
]

[[package]]
name = "digest"
version = "0.9.0"
source = "registry+https://github.com/rust-lang/crates.io-index"
checksum = "d3dd60d1080a57a05ab032377049e0591415d2b31afd7028356dbf3cc6dcb066"
dependencies = [
 "generic-array",
]

[[package]]
name = "elliptic-curve"
version = "0.6.6"
source = "registry+https://github.com/rust-lang/crates.io-index"
checksum = "396db09c483e7fca5d4fdb9112685632b3e76c9a607a2649c1bf904404a01366"
dependencies = [
 "bitvec",
 "const-oid",
 "ff",
 "generic-array",
 "group",
 "rand_core",
 "subtle",
 "zeroize 1.2.0",
]

[[package]]
name = "encode_unicode"
version = "0.3.6"
source = "registry+https://github.com/rust-lang/crates.io-index"
checksum = "a357d28ed41a50f9c765dbfe56cbc04a64e53e5fc58ba79fbc34c10ef3df831f"

[[package]]
name = "ff"
version = "0.8.0"
source = "registry+https://github.com/rust-lang/crates.io-index"
checksum = "01646e077d4ebda82b73f1bca002ea1e91561a77df2431a9e79729bcc31950ef"
dependencies = [
 "bitvec",
 "rand_core",
 "subtle",
]

[[package]]
name = "funty"
version = "1.1.0"
source = "registry+https://github.com/rust-lang/crates.io-index"
checksum = "fed34cd105917e91daa4da6b3728c47b068749d6a62c59811f06ed2ac71d9da7"

[[package]]
name = "generic-array"
version = "0.14.4"
source = "registry+https://github.com/rust-lang/crates.io-index"
checksum = "501466ecc8a30d1d3b7fc9229b122b2ce8ed6e9d9223f1138d4babb253e51817"
dependencies = [
 "typenum",
 "version_check",
]

[[package]]
name = "getrandom"
version = "0.1.15"
source = "registry+https://github.com/rust-lang/crates.io-index"
checksum = "fc587bc0ec293155d5bfa6b9891ec18a1e330c234f896ea47fbada4cadbe47e6"
dependencies = [
 "cfg-if 0.1.10",
 "libc",
 "wasi 0.9.0+wasi-snapshot-preview1",
]

[[package]]
name = "group"
version = "0.8.0"
source = "registry+https://github.com/rust-lang/crates.io-index"
checksum = "cc11f9f5fbf1943b48ae7c2bf6846e7d827a512d1be4f23af708f5ca5d01dde1"
dependencies = [
 "ff",
 "rand_core",
 "subtle",
]

[[package]]
name = "gumdrop"
version = "0.8.0"
source = "registry+https://github.com/rust-lang/crates.io-index"
checksum = "46571f5d540478cf70d2a42dd0d6d8e9f4b9cc7531544b93311e657b86568a0b"
dependencies = [
 "gumdrop_derive",
]

[[package]]
name = "gumdrop_derive"
version = "0.8.0"
source = "registry+https://github.com/rust-lang/crates.io-index"
checksum = "915ef07c710d84733522461de2a734d4d62a3fd39a4d4f404c2f385ef8618d05"
dependencies = [
 "proc-macro2",
 "quote",
 "syn",
]

[[package]]
name = "hex"
version = "0.4.2"
source = "registry+https://github.com/rust-lang/crates.io-index"
checksum = "644f9158b2f133fd50f5fb3242878846d9eb792e445c893805ff0e3824006e35"

[[package]]
name = "hkdf"
version = "0.10.0"
source = "registry+https://github.com/rust-lang/crates.io-index"
checksum = "51ab2f639c231793c5f6114bdb9bbe50a7dbbfcd7c7c6bd8475dec2d991e964f"
dependencies = [
 "digest",
 "hmac",
]

[[package]]
name = "hmac"
version = "0.10.1"
source = "registry+https://github.com/rust-lang/crates.io-index"
checksum = "c1441c6b1e930e2817404b5046f1f989899143a12bf92de603b69f4e0aee1e15"
dependencies = [
 "crypto-mac",
 "digest",
]

[[package]]
name = "js-sys"
version = "0.3.46"
source = "registry+https://github.com/rust-lang/crates.io-index"
checksum = "cf3d7383929f7c9c7c2d0fa596f325832df98c3704f2c60553080f7127a58175"
dependencies = [
 "wasm-bindgen",
]

[[package]]
name = "lazy_static"
version = "1.4.0"
source = "registry+https://github.com/rust-lang/crates.io-index"
checksum = "e2abad23fbc42b3700f2f279844dc832adb2b2eb069b2df918f455c4e18cc646"
dependencies = [
 "spin",
]

[[package]]
name = "lexical-core"
version = "0.7.4"
source = "registry+https://github.com/rust-lang/crates.io-index"
checksum = "db65c6da02e61f55dae90a0ae427b2a5f6b3e8db09f58d10efab23af92592616"
dependencies = [
 "arrayvec",
 "bitflags",
 "cfg-if 0.1.10",
 "ryu",
 "static_assertions",
]

[[package]]
name = "libc"
version = "0.2.81"
source = "registry+https://github.com/rust-lang/crates.io-index"
checksum = "1482821306169ec4d07f6aca392a4681f66c75c9918aa49641a2595db64053cb"

[[package]]
name = "libm"
version = "0.2.1"
source = "registry+https://github.com/rust-lang/crates.io-index"
checksum = "c7d73b3f436185384286bd8098d17ec07c9a7d2388a6599f824d8502b529702a"

[[package]]
name = "log"
version = "0.4.11"
source = "registry+https://github.com/rust-lang/crates.io-index"
checksum = "4fabed175da42fed1fa0746b0ea71f412aa9d35e76e95e59b192c64b9dc2bf8b"
dependencies = [
 "cfg-if 0.1.10",
]

[[package]]
name = "memchr"
version = "2.3.4"
source = "registry+https://github.com/rust-lang/crates.io-index"
checksum = "0ee1c47aaa256ecabcaea351eae4a9b01ef39ed810004e298d2511ed284b1525"

[[package]]
name = "nom"
version = "5.1.2"
source = "registry+https://github.com/rust-lang/crates.io-index"
checksum = "ffb4262d26ed83a1c0a33a38fe2bb15797329c85770da05e6b828ddb782627af"
dependencies = [
 "lexical-core",
 "memchr",
 "version_check",
]

[[package]]
name = "num-bigint"
version = "0.2.6"
source = "registry+https://github.com/rust-lang/crates.io-index"
checksum = "090c7f9998ee0ff65aa5b723e4009f7b217707f1fb5ea551329cc4d6231fb304"
dependencies = [
 "autocfg 1.0.1",
 "num-integer",
 "num-traits",
]

[[package]]
name = "num-bigint"
version = "0.3.1"
source = "registry+https://github.com/rust-lang/crates.io-index"
checksum = "5e9a41747ae4633fce5adffb4d2e81ffc5e89593cb19917f8fb2cc5ff76507bf"
dependencies = [
 "autocfg 1.0.1",
 "num-integer",
 "num-traits",
]

[[package]]
name = "num-bigint-dig"
version = "0.6.1"
source = "registry+https://github.com/rust-lang/crates.io-index"
checksum = "5d51546d704f52ef14b3c962b5776e53d5b862e5790e40a350d366c209bd7f7a"
dependencies = [
 "autocfg 0.1.7",
 "byteorder",
 "lazy_static",
 "libm",
 "num-integer",
 "num-iter",
 "num-traits",
 "rand",
 "serde",
 "smallvec",
 "zeroize 1.2.0",
]

[[package]]
name = "num-integer"
version = "0.1.44"
source = "registry+https://github.com/rust-lang/crates.io-index"
checksum = "d2cc698a63b549a70bc047073d2949cce27cd1c7b0a4a862d08a8031bc2801db"
dependencies = [
 "autocfg 1.0.1",
 "num-traits",
]

[[package]]
name = "num-iter"
version = "0.1.42"
source = "registry+https://github.com/rust-lang/crates.io-index"
checksum = "b2021c8337a54d21aca0d59a92577a029af9431cb59b909b03252b9c164fad59"
dependencies = [
 "autocfg 1.0.1",
 "num-integer",
 "num-traits",
]

[[package]]
name = "num-traits"
version = "0.2.14"
source = "registry+https://github.com/rust-lang/crates.io-index"
checksum = "9a64b1ec5cda2586e284722486d802acf1f7dbdc623e2bfc57e65ca1cd099290"
dependencies = [
 "autocfg 1.0.1",
]

[[package]]
name = "once_cell"
version = "1.5.2"
source = "registry+https://github.com/rust-lang/crates.io-index"
checksum = "13bd41f508810a131401606d54ac32a467c97172d74ba7662562ebba5ad07fa0"

[[package]]
name = "opaque-debug"
version = "0.3.0"
source = "registry+https://github.com/rust-lang/crates.io-index"
checksum = "624a8340c38c1b80fd549087862da4ba43e08858af025b236e509b6649fc13d5"

[[package]]
name = "p256"
version = "0.5.2"
source = "registry+https://github.com/rust-lang/crates.io-index"
checksum = "280ed58e7e5f3052b6e2f596fa40c7eff4c27c4b6b6deecb5d685ba5c2080980"
dependencies = [
 "elliptic-curve",
]

[[package]]
name = "p384"
version = "0.4.1"
source = "registry+https://github.com/rust-lang/crates.io-index"
checksum = "06de0548166c258c22bb6bdcff3074eac4b07125040aa74db3f61db87fe5f275"
dependencies = [
 "elliptic-curve",
]

[[package]]
name = "pbkdf2"
version = "0.6.0"
source = "registry+https://github.com/rust-lang/crates.io-index"
checksum = "b3b8c0d71734018084da0c0354193a5edfb81b20d2d57a92c5b154aefc554a4a"
dependencies = [
 "base64 0.13.0",
 "crypto-mac",
 "hmac",
 "rand",
 "rand_core",
 "sha2",
 "subtle",
]

[[package]]
name = "pcsc"
version = "2.4.0"
source = "registry+https://github.com/rust-lang/crates.io-index"
checksum = "88e09a8d8705a2c9b1ffe1f9dd9580efe3f8e80c19fc9f99038fe99b7bb56c83"
dependencies = [
 "bitflags",
 "pcsc-sys",
]

[[package]]
name = "pcsc-sys"
version = "1.2.0"
source = "registry+https://github.com/rust-lang/crates.io-index"
checksum = "e1b7bfecba2c0f1b5efb0e7caf7533ab1c295024165bcbb066231f60d33e23ea"
dependencies = [
 "pkg-config",
]

[[package]]
name = "pem"
version = "0.8.2"
source = "registry+https://github.com/rust-lang/crates.io-index"
checksum = "f4c220d01f863d13d96ca82359d1e81e64a7c6bf0637bcde7b2349630addf0c6"
dependencies = [
 "base64 0.13.0",
 "once_cell",
 "regex",
]

[[package]]
name = "pkg-config"
version = "0.3.19"
source = "registry+https://github.com/rust-lang/crates.io-index"
checksum = "3831453b3449ceb48b6d9c7ad7c96d5ea673e9b470a1dc578c2ce6521230884c"

[[package]]
name = "poly1305"
version = "0.6.2"
source = "registry+https://github.com/rust-lang/crates.io-index"
checksum = "4b7456bc1ad2d4cf82b3a016be4c2ac48daf11bf990c1603ebd447fe6f30fca8"
dependencies = [
 "cpuid-bool 0.2.0",
 "universal-hash",
]

[[package]]
name = "ppv-lite86"
version = "0.2.10"
source = "registry+https://github.com/rust-lang/crates.io-index"
checksum = "ac74c624d6b2d21f425f752262f42188365d7b8ff1aff74c82e45136510a4857"

[[package]]
name = "proc-macro-hack"
version = "0.5.19"
source = "registry+https://github.com/rust-lang/crates.io-index"
checksum = "dbf0c48bc1d91375ae5c3cd81e3722dff1abcf81a30960240640d223f59fe0e5"

[[package]]
name = "proc-macro2"
version = "1.0.24"
source = "registry+https://github.com/rust-lang/crates.io-index"
checksum = "1e0704ee1a7e00d7bb417d0770ea303c1bccbabf0ef1667dae92b5967f5f8a71"
dependencies = [
 "unicode-xid",
]

[[package]]
name = "quote"
version = "1.0.8"
source = "registry+https://github.com/rust-lang/crates.io-index"
checksum = "991431c3519a3f36861882da93630ce66b52918dcf1b8e2fd66b397fc96f28df"
dependencies = [
 "proc-macro2",
]

[[package]]
name = "radium"
version = "0.4.1"
source = "registry+https://github.com/rust-lang/crates.io-index"
checksum = "64de9a0c5361e034f1aefc9f71a86871ec870e766fe31a009734a989b329286a"

[[package]]
name = "rand"
version = "0.7.3"
source = "registry+https://github.com/rust-lang/crates.io-index"
checksum = "6a6b1679d49b24bbfe0c803429aa1874472f50d9b363131f0e89fc356b544d03"
dependencies = [
 "getrandom",
 "libc",
 "rand_chacha",
 "rand_core",
 "rand_hc",
]

[[package]]
name = "rand_chacha"
version = "0.2.2"
source = "registry+https://github.com/rust-lang/crates.io-index"
checksum = "f4c8ed856279c9737206bf725bf36935d8666ead7aa69b52be55af369d193402"
dependencies = [
 "ppv-lite86",
 "rand_core",
]

[[package]]
name = "rand_core"
version = "0.5.1"
source = "registry+https://github.com/rust-lang/crates.io-index"
checksum = "90bde5296fc891b0cef12a6d03ddccc162ce7b2aff54160af9338f8d40df6d19"
dependencies = [
 "getrandom",
]

[[package]]
name = "rand_hc"
version = "0.2.0"
source = "registry+https://github.com/rust-lang/crates.io-index"
checksum = "ca3129af7b92a17112d59ad498c6f81eaf463253766b90396d39ea7a39d6613c"
dependencies = [
 "rand_core",
]

[[package]]
name = "redox_syscall"
version = "0.1.57"
source = "registry+https://github.com/rust-lang/crates.io-index"
checksum = "41cc0f7e4d5d4544e8861606a285bb08d3e70712ccc7d2b84d7c0ccfaf4b05ce"

[[package]]
name = "regex"
version = "1.4.2"
source = "registry+https://github.com/rust-lang/crates.io-index"
checksum = "38cf2c13ed4745de91a5eb834e11c00bcc3709e773173b2ce4c56c9fbde04b9c"
dependencies = [
 "regex-syntax",
]

[[package]]
name = "regex-syntax"
version = "0.6.21"
source = "registry+https://github.com/rust-lang/crates.io-index"
checksum = "3b181ba2dcf07aaccad5448e8ead58db5b742cf85dfe035e2227f137a539a189"

[[package]]
name = "remove_dir_all"
version = "0.5.3"
source = "registry+https://github.com/rust-lang/crates.io-index"
checksum = "3acd125665422973a33ac9d3dd2df85edad0f4ae9b00dafb1a05e43a9f5ef8e7"
dependencies = [
 "winapi",
]

[[package]]
name = "ring"
version = "0.16.19"
source = "registry+https://github.com/rust-lang/crates.io-index"
checksum = "024a1e66fea74c66c66624ee5622a7ff0e4b73a13b4f5c326ddb50c708944226"
dependencies = [
 "cc",
 "libc",
 "once_cell",
 "spin",
 "untrusted",
 "web-sys",
 "winapi",
]

[[package]]
name = "rsa"
version = "0.3.0"
source = "registry+https://github.com/rust-lang/crates.io-index"
checksum = "3648b669b10afeab18972c105e284a7b953a669b0be3514c27f9b17acab2f9cd"
dependencies = [
 "byteorder",
 "digest",
 "lazy_static",
 "num-bigint-dig",
 "num-integer",
 "num-iter",
 "num-traits",
 "pem",
 "rand",
 "sha2",
 "simple_asn1",
 "subtle",
 "thiserror",
 "zeroize 1.2.0",
]

[[package]]
name = "rusticata-macros"
version = "2.1.0"
source = "registry+https://github.com/rust-lang/crates.io-index"
checksum = "f8a9050636e8a1b487ba1fbe99114021cd7594dde3ce6ed95bfc1691e5b5367b"
dependencies = [
 "nom",
]

[[package]]
name = "rustversion"
version = "1.0.4"
source = "registry+https://github.com/rust-lang/crates.io-index"
checksum = "cb5d2a036dc6d2d8fd16fde3498b04306e29bd193bf306a57427019b823d5acd"

[[package]]
name = "ryu"
version = "1.0.5"
source = "registry+https://github.com/rust-lang/crates.io-index"
checksum = "71d301d4193d031abdd79ff7e3dd721168a9572ef3fe51a1517aba235bd8f86e"

[[package]]
name = "secrecy"
version = "0.7.0"
source = "registry+https://github.com/rust-lang/crates.io-index"
checksum = "0673d6a6449f5e7d12a1caf424fd9363e2af3a4953023ed455e3c4beef4597c0"
dependencies = [
 "zeroize 1.2.0",
]

[[package]]
name = "serde"
version = "1.0.118"
source = "registry+https://github.com/rust-lang/crates.io-index"
checksum = "06c64263859d87aa2eb554587e2d23183398d617427327cf2b3d0ed8c69e4800"

[[package]]
name = "sha-1"
version = "0.9.2"
source = "registry+https://github.com/rust-lang/crates.io-index"
checksum = "ce3cdf1b5e620a498ee6f2a171885ac7e22f0e12089ec4b3d22b84921792507c"
dependencies = [
 "block-buffer",
 "cfg-if 1.0.0",
 "cpuid-bool 0.1.2",
 "digest",
 "opaque-debug",
]

[[package]]
name = "sha2"
version = "0.9.2"
source = "registry+https://github.com/rust-lang/crates.io-index"
checksum = "6e7aab86fe2149bad8c507606bdb3f4ef5e7b2380eb92350f56122cca72a42a8"
dependencies = [
 "block-buffer",
 "cfg-if 1.0.0",
 "cpuid-bool 0.1.2",
 "digest",
 "opaque-debug",
]

[[package]]
name = "simple_asn1"
version = "0.4.1"
source = "registry+https://github.com/rust-lang/crates.io-index"
checksum = "692ca13de57ce0613a363c8c2f1de925adebc81b04c923ac60c5488bb44abe4b"
dependencies = [
 "chrono",
 "num-bigint 0.2.6",
 "num-traits",
]

[[package]]
name = "smallvec"
version = "1.5.1"
source = "registry+https://github.com/rust-lang/crates.io-index"
checksum = "ae524f056d7d770e174287294f562e95044c68e88dec909a00d2094805db9d75"

[[package]]
name = "spin"
version = "0.5.2"
source = "registry+https://github.com/rust-lang/crates.io-index"
checksum = "6e63cff320ae2c57904679ba7cb63280a3dc4613885beafb148ee7bf9aa9042d"

[[package]]
name = "static_assertions"
version = "1.1.0"
source = "registry+https://github.com/rust-lang/crates.io-index"
checksum = "a2eb9349b6444b326872e140eb1cf5e7c522154d69e7a0ffb0fb81c06b37543f"

[[package]]
name = "subtle"
version = "2.4.0"
source = "registry+https://github.com/rust-lang/crates.io-index"
checksum = "1e81da0851ada1f3e9d4312c704aa4f8806f0f9d69faaf8df2f3464b4a9437c2"

[[package]]
name = "subtle-encoding"
version = "0.5.1"
source = "registry+https://github.com/rust-lang/crates.io-index"
checksum = "7dcb1ed7b8330c5eed5441052651dd7a12c75e2ed88f2ec024ae1fa3a5e59945"
dependencies = [
 "zeroize 1.2.0",
]

[[package]]
name = "syn"
version = "1.0.56"
source = "registry+https://github.com/rust-lang/crates.io-index"
checksum = "a9802ddde94170d186eeee5005b798d9c159fa970403f1be19976d0cfb939b72"
dependencies = [
 "proc-macro2",
 "quote",
 "unicode-xid",
]

[[package]]
name = "synstructure"
version = "0.12.4"
source = "registry+https://github.com/rust-lang/crates.io-index"
checksum = "b834f2d66f734cb897113e34aaff2f1ab4719ca946f9a7358dba8f8064148701"
dependencies = [
 "proc-macro2",
 "quote",
 "syn",
 "unicode-xid",
]

[[package]]
name = "tempfile"
version = "3.1.0"
source = "registry+https://github.com/rust-lang/crates.io-index"
checksum = "7a6e24d9338a0a5be79593e2fa15a648add6138caa803e2d5bc782c371732ca9"
dependencies = [
 "cfg-if 0.1.10",
 "libc",
 "rand",
 "redox_syscall",
 "remove_dir_all",
 "winapi",
]

[[package]]
name = "terminal_size"
version = "0.1.15"
source = "registry+https://github.com/rust-lang/crates.io-index"
checksum = "4bd2d183bd3fac5f5fe38ddbeb4dc9aec4a39a9d7d59e7491d900302da01cbe1"
dependencies = [
 "libc",
 "winapi",
]

[[package]]
name = "thiserror"
version = "1.0.23"
source = "registry+https://github.com/rust-lang/crates.io-index"
checksum = "76cc616c6abf8c8928e2fdcc0dbfab37175edd8fb49a4641066ad1364fdab146"
dependencies = [
 "thiserror-impl",
]

[[package]]
name = "thiserror-impl"
version = "1.0.23"
source = "registry+https://github.com/rust-lang/crates.io-index"
checksum = "9be73a2caec27583d0046ef3796c3794f868a5bc813db689eed00c7631275cd1"
dependencies = [
 "proc-macro2",
 "quote",
 "syn",
]

[[package]]
name = "time"
version = "0.1.44"
source = "registry+https://github.com/rust-lang/crates.io-index"
checksum = "6db9e6914ab8b1ae1c260a4ae7a49b6c5611b40328a735b21862567685e73255"
dependencies = [
 "libc",
 "wasi 0.10.0+wasi-snapshot-preview1",
 "winapi",
]

[[package]]
name = "typenum"
version = "1.12.0"
source = "registry+https://github.com/rust-lang/crates.io-index"
checksum = "373c8a200f9e67a0c95e62a4f52fbf80c23b4381c05a17845531982fa99e6b33"

[[package]]
name = "unicode-width"
version = "0.1.8"
source = "registry+https://github.com/rust-lang/crates.io-index"
checksum = "9337591893a19b88d8d87f2cec1e73fad5cdfd10e5a6f349f498ad6ea2ffb1e3"

[[package]]
name = "unicode-xid"
version = "0.2.1"
source = "registry+https://github.com/rust-lang/crates.io-index"
checksum = "f7fe0bb3479651439c9112f72b6c505038574c9fbb575ed1bf3b797fa39dd564"

[[package]]
name = "universal-hash"
version = "0.4.0"
source = "registry+https://github.com/rust-lang/crates.io-index"
checksum = "8326b2c654932e3e4f9196e69d08fdf7cfd718e1dc6f66b347e6024a0c961402"
dependencies = [
 "generic-array",
 "subtle",
]

[[package]]
name = "untrusted"
version = "0.7.1"
source = "registry+https://github.com/rust-lang/crates.io-index"
checksum = "a156c684c91ea7d62626509bce3cb4e1d9ed5c4d978f7b4352658f96a4c26b4a"

[[package]]
name = "version_check"
version = "0.9.2"
source = "registry+https://github.com/rust-lang/crates.io-index"
checksum = "b5a972e5669d67ba988ce3dc826706fb0a8b01471c088cb0b6110b805cc36aed"

[[package]]
name = "wasi"
version = "0.9.0+wasi-snapshot-preview1"
source = "registry+https://github.com/rust-lang/crates.io-index"
checksum = "cccddf32554fecc6acb585f82a32a72e28b48f8c4c1883ddfeeeaa96f7d8e519"

[[package]]
name = "wasi"
version = "0.10.0+wasi-snapshot-preview1"
source = "registry+https://github.com/rust-lang/crates.io-index"
checksum = "1a143597ca7c7793eff794def352d41792a93c481eb1042423ff7ff72ba2c31f"

[[package]]
name = "wasm-bindgen"
version = "0.2.69"
source = "registry+https://github.com/rust-lang/crates.io-index"
checksum = "3cd364751395ca0f68cafb17666eee36b63077fb5ecd972bbcd74c90c4bf736e"
dependencies = [
 "cfg-if 1.0.0",
 "wasm-bindgen-macro",
]

[[package]]
name = "wasm-bindgen-backend"
version = "0.2.69"
source = "registry+https://github.com/rust-lang/crates.io-index"
checksum = "1114f89ab1f4106e5b55e688b828c0ab0ea593a1ea7c094b141b14cbaaec2d62"
dependencies = [
 "bumpalo",
 "lazy_static",
 "log",
 "proc-macro2",
 "quote",
 "syn",
 "wasm-bindgen-shared",
]

[[package]]
name = "wasm-bindgen-macro"
version = "0.2.69"
source = "registry+https://github.com/rust-lang/crates.io-index"
checksum = "7a6ac8995ead1f084a8dea1e65f194d0973800c7f571f6edd70adf06ecf77084"
dependencies = [
 "quote",
 "wasm-bindgen-macro-support",
]

[[package]]
name = "wasm-bindgen-macro-support"
version = "0.2.69"
source = "registry+https://github.com/rust-lang/crates.io-index"
checksum = "b5a48c72f299d80557c7c62e37e7225369ecc0c963964059509fbafe917c7549"
dependencies = [
 "proc-macro2",
 "quote",
 "syn",
 "wasm-bindgen-backend",
 "wasm-bindgen-shared",
]

[[package]]
name = "wasm-bindgen-shared"
version = "0.2.69"
source = "registry+https://github.com/rust-lang/crates.io-index"
checksum = "7e7811dd7f9398f14cc76efd356f98f03aa30419dea46aa810d71e819fc97158"

[[package]]
name = "web-sys"
version = "0.3.46"
source = "registry+https://github.com/rust-lang/crates.io-index"
checksum = "222b1ef9334f92a21d3fb53dc3fd80f30836959a90f9274a626d7e06315ba3c3"
dependencies = [
 "js-sys",
 "wasm-bindgen",
]

[[package]]
name = "winapi"
version = "0.3.9"
source = "registry+https://github.com/rust-lang/crates.io-index"
checksum = "5c839a674fcd7a98952e593242ea400abe93992746761e38641405d28b00f419"
dependencies = [
 "winapi-i686-pc-windows-gnu",
 "winapi-x86_64-pc-windows-gnu",
]

[[package]]
name = "winapi-i686-pc-windows-gnu"
version = "0.4.0"
source = "registry+https://github.com/rust-lang/crates.io-index"
checksum = "ac3b87c63620426dd9b991e5ce0329eff545bccbbb34f3be09ff6fb6ab51b7b6"

[[package]]
name = "winapi-util"
version = "0.1.5"
source = "registry+https://github.com/rust-lang/crates.io-index"
checksum = "70ec6ce85bb158151cae5e5c87f95a8e97d2c0c4b001223f33a334e3ce5de178"
dependencies = [
 "winapi",
]

[[package]]
name = "winapi-x86_64-pc-windows-gnu"
version = "0.4.0"
source = "registry+https://github.com/rust-lang/crates.io-index"
checksum = "712e227841d057c1ee1cd2fb22fa7e5a5461ae8e48fa2ca79ec42cfc1931183f"

[[package]]
name = "wyz"
version = "0.2.0"
source = "registry+https://github.com/rust-lang/crates.io-index"
checksum = "85e60b0d1b5f99db2556934e21937020776a5d31520bf169e851ac44e6420214"

[[package]]
name = "x509"
version = "0.1.2"
source = "registry+https://github.com/rust-lang/crates.io-index"
checksum = "9335b8ff50b6a0de184b3eeb11fdce74224e3af90ca7265012512e73fc999d1a"
dependencies = [
 "chrono",
 "cookie-factory",
]

[[package]]
name = "x509-parser"
version = "0.8.2"
source = "registry+https://github.com/rust-lang/crates.io-index"
checksum = "a76245c48460d72a3e17ad3a01855c3cae98601bb992091c1c1421c77d1cb27c"
dependencies = [
 "base64 0.13.0",
 "chrono",
 "data-encoding",
 "der-oid-macro",
 "der-parser",
 "lazy_static",
 "nom",
 "num-bigint 0.3.1",
 "rusticata-macros",
 "rustversion",
 "thiserror",
]

[[package]]
name = "yubikey-piv"
version = "0.1.0"
source = "registry+https://github.com/rust-lang/crates.io-index"
checksum = "568f3f194d91d4f5bd624983d371927c4d72c1d63be2e702cab2d09cb630a28f"
dependencies = [
 "chrono",
 "cookie-factory",
 "der-parser",
 "des",
 "elliptic-curve",
 "getrandom",
 "hmac",
 "log",
 "nom",
 "num-bigint-dig",
 "num-integer",
 "num-traits",
 "p256",
 "p384",
 "pbkdf2",
 "pcsc",
 "rsa",
 "secrecy",
 "sha-1",
 "sha2",
 "subtle",
 "subtle-encoding",
 "x509",
 "x509-parser",
 "zeroize 1.2.0",
]

[[package]]
name = "zeroize"
version = "0.9.3"
source = "registry+https://github.com/rust-lang/crates.io-index"
checksum = "45af6a010d13e4cf5b54c94ba5a2b2eba5596b9e46bf5875612d332a1f2b3f86"

[[package]]
name = "zeroize"
version = "1.2.0"
source = "registry+https://github.com/rust-lang/crates.io-index"
checksum = "81a974bcdd357f0dca4d41677db03436324d45a4c9ed2d0b873a5a360ce41c36"
dependencies = [
 "zeroize_derive",
]

[[package]]
name = "zeroize_derive"
version = "1.0.1"
source = "registry+https://github.com/rust-lang/crates.io-index"
checksum = "c3f369ddb18862aba61aa49bf31e74d29f0f162dec753063200e1dc084345d16"
dependencies = [
 "proc-macro2",
 "quote",
 "syn",
 "synstructure",
]
